
Microsoft Visual Studio Solution File, Format Version 12.00
# Visual Studio Version 17
VisualStudioVersion = 17.13.35806.99 d17.13
MinimumVisualStudioVersion = 10.0.40219.1
Project("{FAE04EC0-301F-11D3-BF4B-00C04F79EFBC}") = "StudyGroupList", "StudyGroupList\StudyGroupList.csproj", "{BBACE22A-DE59-4554-A0F6-8C06FB968D2C}"
EndProject
Global
	GlobalSection(SolutionConfigurationPlatforms) = preSolution
		Debug|Any CPU = Debug|Any CPU
		Release|Any CPU = Release|Any CPU
	EndGlobalSection
	GlobalSection(ProjectConfigurationPlatforms) = postSolution
		{BBACE22A-DE59-4554-A0F6-8C06FB968D2C}.Debug|Any CPU.ActiveCfg = Debug|Any CPU
		{BBACE22A-DE59-4554-A0F6-8C06FB968D2C}.Debug|Any CPU.Build.0 = Debug|Any CPU
		{BBACE22A-DE59-4554-A0F6-8C06FB968D2C}.Release|Any CPU.ActiveCfg = Release|Any CPU
		{BBACE22A-DE59-4554-A0F6-8C06FB968D2C}.Release|Any CPU.Build.0 = Release|Any CPU
	EndGlobalSection
	GlobalSection(SolutionProperties) = preSolution
		HideSolutionNode = FALSE
	EndGlobalSection
	GlobalSection(ExtensibilityGlobals) = postSolution
		SolutionGuid = {F2231731-27DE-4BF4-8EED-042506AE47E4}
	EndGlobalSection
EndGlobal
